
Microsoft Visual Studio Solution File, Format Version 12.00
# Visual Studio Version 17
VisualStudioVersion = 17.8.34330.188
MinimumVisualStudioVersion = 10.0.40219.1
Project("{2150E333-8FDC-42A3-9474-1A3956D46DE8}") = "Core", "Core", "{32047232-42A5-43DD-9EDE-212D438F315B}"
EndProject
Project("{2150E333-8FDC-42A3-9474-1A3956D46DE8}") = "Infrastructure", "Infrastructure", "{572B6096-089E-49F0-95A6-15DB15ADF673}"
EndProject
Project("{2150E333-8FDC-42A3-9474-1A3956D46DE8}") = "Presentation", "Presentation", "{329F59FE-5E31-4014-82B7-5D0B49502404}"
EndProject
Project("{FAE04EC0-301F-11D3-BF4B-00C04F79EFBC}") = "ECommerceApi.Application", "Core\ECommerceApi.Application\ECommerceApi.Application.csproj", "{8D1B5EF9-C80D-4336-A006-D9C5F78231CC}"
EndProject
Project("{FAE04EC0-301F-11D3-BF4B-00C04F79EFBC}") = "ECommerceApi.Domain", "Core\ECommerceApi.Domain\ECommerceApi.Domain.csproj", "{6FD19A0F-B8D2-4F6C-AE5D-480DD00B3202}"
EndProject
Project("{FAE04EC0-301F-11D3-BF4B-00C04F79EFBC}") = "ECommerceApi.Infrastructure", "Infrastructure\ECommerceApi.Infrastructure\ECommerceApi.Infrastructure.csproj", "{F3BC132D-256B-46A7-B1F8-4F25E8F5AAD1}"
EndProject
Project("{FAE04EC0-301F-11D3-BF4B-00C04F79EFBC}") = "ECommerceApi.Persistence", "Infrastructure\ECommerceApi.Persistence\ECommerceApi.Persistence.csproj", "{CC38F096-6FB3-4AFF-B6B1-B49BD6482DE4}"
EndProject
Project("{FAE04EC0-301F-11D3-BF4B-00C04F79EFBC}") = "ECommerceApi.Api", "Presentation\ECommerceApi.Api\ECommerceApi.Api.csproj", "{649AA91A-2491-4777-9CB4-E6E9F651FB84}"
EndProject
Global
	GlobalSection(SolutionConfigurationPlatforms) = preSolution
		Debug|Any CPU = Debug|Any CPU
		Release|Any CPU = Release|Any CPU
	EndGlobalSection
	GlobalSection(ProjectConfigurationPlatforms) = postSolution
		{8D1B5EF9-C80D-4336-A006-D9C5F78231CC}.Debug|Any CPU.ActiveCfg = Debug|Any CPU
		{8D1B5EF9-C80D-4336-A006-D9C5F78231CC}.Debug|Any CPU.Build.0 = Debug|Any CPU
		{8D1B5EF9-C80D-4336-A006-D9C5F78231CC}.Release|Any CPU.ActiveCfg = Release|Any CPU
		{8D1B5EF9-C80D-4336-A006-D9C5F78231CC}.Release|Any CPU.Build.0 = Release|Any CPU
		{6FD19A0F-B8D2-4F6C-AE5D-480DD00B3202}.Debug|Any CPU.ActiveCfg = Debug|Any CPU
		{6FD19A0F-B8D2-4F6C-AE5D-480DD00B3202}.Debug|Any CPU.Build.0 = Debug|Any CPU
		{6FD19A0F-B8D2-4F6C-AE5D-480DD00B3202}.Release|Any CPU.ActiveCfg = Release|Any CPU
		{6FD19A0F-B8D2-4F6C-AE5D-480DD00B3202}.Release|Any CPU.Build.0 = Release|Any CPU
		{F3BC132D-256B-46A7-B1F8-4F25E8F5AAD1}.Debug|Any CPU.ActiveCfg = Debug|Any CPU
		{F3BC132D-256B-46A7-B1F8-4F25E8F5AAD1}.Debug|Any CPU.Build.0 = Debug|Any CPU
		{F3BC132D-256B-46A7-B1F8-4F25E8F5AAD1}.Release|Any CPU.ActiveCfg = Release|Any CPU
		{F3BC132D-256B-46A7-B1F8-4F25E8F5AAD1}.Release|Any CPU.Build.0 = Release|Any CPU
		{CC38F096-6FB3-4AFF-B6B1-B49BD6482DE4}.Debug|Any CPU.ActiveCfg = Debug|Any CPU
		{CC38F096-6FB3-4AFF-B6B1-B49BD6482DE4}.Debug|Any CPU.Build.0 = Debug|Any CPU
		{CC38F096-6FB3-4AFF-B6B1-B49BD6482DE4}.Release|Any CPU.ActiveCfg = Release|Any CPU
		{CC38F096-6FB3-4AFF-B6B1-B49BD6482DE4}.Release|Any CPU.Build.0 = Release|Any CPU
		{649AA91A-2491-4777-9CB4-E6E9F651FB84}.Debug|Any CPU.ActiveCfg = Debug|Any CPU
		{649AA91A-2491-4777-9CB4-E6E9F651FB84}.Debug|Any CPU.Build.0 = Debug|Any CPU
		{649AA91A-2491-4777-9CB4-E6E9F651FB84}.Release|Any CPU.ActiveCfg = Release|Any CPU
		{649AA91A-2491-4777-9CB4-E6E9F651FB84}.Release|Any CPU.Build.0 = Release|Any CPU
	EndGlobalSection
	GlobalSection(SolutionProperties) = preSolution
		HideSolutionNode = FALSE
	EndGlobalSection
	GlobalSection(NestedProjects) = preSolution
		{8D1B5EF9-C80D-4336-A006-D9C5F78231CC} = {32047232-42A5-43DD-9EDE-212D438F315B}
		{6FD19A0F-B8D2-4F6C-AE5D-480DD00B3202} = {32047232-42A5-43DD-9EDE-212D438F315B}
		{F3BC132D-256B-46A7-B1F8-4F25E8F5AAD1} = {572B6096-089E-49F0-95A6-15DB15ADF673}
		{CC38F096-6FB3-4AFF-B6B1-B49BD6482DE4} = {572B6096-089E-49F0-95A6-15DB15ADF673}
		{649AA91A-2491-4777-9CB4-E6E9F651FB84} = {329F59FE-5E31-4014-82B7-5D0B49502404}
	EndGlobalSection
	GlobalSection(ExtensibilityGlobals) = postSolution
		SolutionGuid = {F0D8BC63-DF16-42EB-94C5-0E59A76BF914}
	EndGlobalSection
EndGlobal
